# This file is generated by running "yarn install" inside your project.
# Manual changes might be lost - proceed with caution!

__metadata:
  version: 4
  cacheKey: 7

"@cypress/request@npm:^2.88.10":
  version: 2.88.10
  resolution: "@cypress/request@npm:2.88.10"
  dependencies:
    aws-sign2: ~0.7.0
    aws4: ^1.8.0
    caseless: ~0.12.0
    combined-stream: ~1.0.6
    extend: ~3.0.2
    forever-agent: ~0.6.1
    form-data: ~2.3.2
    http-signature: ~1.3.6
    is-typedarray: ~1.0.0
    isstream: ~0.1.2
    json-stringify-safe: ~5.0.1
    mime-types: ~2.1.19
    performance-now: ^2.1.0
    qs: ~6.5.2
    safe-buffer: ^5.1.2
    tough-cookie: ~2.5.0
    tunnel-agent: ^0.6.0
    uuid: ^8.3.2
  checksum: 4e1a8ecb8865a430ee0ef3df6835e3aeb48dd8c84668d6fa6c8bfa388ad901d1ad0cdc355168935841d4299a48437f607d233dfa632e04d650b0b906e5f8f5f7
  languageName: node
  linkType: hard

"@cypress/xvfb@npm:^1.2.4":
  version: 1.2.4
  resolution: "@cypress/xvfb@npm:1.2.4"
  dependencies:
    debug: ^3.1.0
    lodash.once: ^4.1.1
  checksum: 51872f6366b4d6ba9e396f9844b416ce3ced574bdb3d9e469b822d85686697830dc6a0d5d04b8c4a2d829572a09ce98366ae9b8735d4d45692c388b719efc411
  languageName: node
  linkType: hard

"@types/node@npm:*, @types/node@npm:^14.14.31":
  version: 14.18.9
  resolution: "@types/node@npm:14.18.9"
  checksum: f82e7528c5449e5d4c9c02e97d9c4ef480be77833db6bb62a9bb39e5f530bed62c3a675df5756eb348a37cd30fedb4b6a5b236e34a127e3885f2b00b497c74fc
  languageName: node
  linkType: hard

"@types/sinonjs__fake-timers@npm:^6.0.2":
  version: 6.0.4
  resolution: "@types/sinonjs__fake-timers@npm:6.0.4"
  checksum: d2f3d2b6461794e20ec6c2ae4d68b63603ab55f2f55c4920299d3c1c2c2d366b50a54d9f91de07f069a9f7b7e86a953e3f26aedf03637a99e23aa405b9844149
  languageName: node
  linkType: hard

"@types/sizzle@npm:^2.3.2":
  version: 2.3.2
  resolution: "@types/sizzle@npm:2.3.2"
  checksum: 447a1c3f39f0e47ffdbccd1df58d63e8b67dc001f44f26f43ac8243db7834a3d956cebc8abe9272ecbdccfc8f4ec0ae74b811ccdad5b6cddaf8f0968513d618a
  languageName: node
  linkType: hard

"@types/yauzl@npm:^2.9.1":
  version: 2.9.2
  resolution: "@types/yauzl@npm:2.9.2"
  dependencies:
    "@types/node": "*"
  checksum: 1aaa31b0fb8e38e0e3dde699389d12512520fdabd614fb92d7115b6c6fe07bb6665a33cb15a2205c4174c876547b973e0c31d297ca907bd2f9b8049667df877e
  languageName: node
  linkType: hard

"aggregate-error@npm:^3.0.0":
  version: 3.1.0
  resolution: "aggregate-error@npm:3.1.0"
  dependencies:
    clean-stack: ^2.0.0
    indent-string: ^4.0.0
  checksum: 704d2001a303c185e9b836d211f7eef2f4557195a11c3271143b4dcda5f6f263abe746d9b8a06b5871d07870686c7db9c0b2c38e2d3cbc593784eaaee8a29043
  languageName: node
  linkType: hard

"ansi-colors@npm:^4.1.1":
  version: 4.1.1
  resolution: "ansi-colors@npm:4.1.1"
  checksum: 50d8dfbce25602caea1b170ecf4c71c4c9c58d2d1e3186fb5712848c0610d05fe60b8bb6a9eaebd9b54f1db3baf6f603e04214cce597cc7799bc9f47fd9a797a
  languageName: node
  linkType: hard

"ansi-escapes@npm:^4.3.0":
  version: 4.3.2
  resolution: "ansi-escapes@npm:4.3.2"
  dependencies:
    type-fest: ^0.21.3
  checksum: eca4d4e15b214376b04c8ce16d75adcfdcf706c38d682474d84d007f792d2f0f2f217b613ed3e7545fa0ad9f1d815ccd2a942c6b1d3156fff01b00652090fcb8
  languageName: node
  linkType: hard

"ansi-regex@npm:^5.0.0":
  version: 5.0.0
  resolution: "ansi-regex@npm:5.0.0"
  checksum: cbd9b5c9dbbb4a949c2a6e93f1c6cc19f0683d8a4724d08d2158627be6d373f0f3ba1f4ada01dce7ee141f2ba2628fbbd29932c7d49926e3b630c7f329f3178b
  languageName: node
  linkType: hard

"ansi-styles@npm:^4.0.0, ansi-styles@npm:^4.1.0":
  version: 4.3.0
  resolution: "ansi-styles@npm:4.3.0"
  dependencies:
    color-convert: ^2.0.1
  checksum: ea02c0179f3dd089a161f5fdd7ccd89dd84f31d82b68869f1134bf5c5b9e1313dadd2ff9edb02b44f46243f285ef5b785f6cb61c84a293694221417c42934407
  languageName: node
  linkType: hard

"arch@npm:^2.2.0":
  version: 2.2.0
  resolution: "arch@npm:2.2.0"
  checksum: 4a8d92a9a7ee185fd0f2cbe40f8c3eb6147afa86bf07b03e2cf8c8f024d2f14c42a8cf7ed06a8ce1bbe17d123a19e83d46ebddd77acb49c8ce68194cf99ab711
  languageName: node
  linkType: hard

"asn1@npm:~0.2.3":
  version: 0.2.4
  resolution: "asn1@npm:0.2.4"
  dependencies:
    safer-buffer: ~2.1.0
  checksum: 5743ace942e2faa0b72f3b14bf1826509c5ca707ea150c10520f52b04f90aa715cee4370ec2e6279ce1ceb7d3c472ca33270124e90b495bea4c9b02f41b9d8ac
  languageName: node
  linkType: hard

"assert-plus@npm:1.0.0, assert-plus@npm:^1.0.0":
  version: 1.0.0
  resolution: "assert-plus@npm:1.0.0"
  checksum: 1bda24f67343ccb75a7eee31179c92cf9f79bd6f6bc24101b0ce1495ef979376dd9b0f9b9064812bba564cdade5fbf851ed76b4a44b5e141d49cdaee6ffed6b2
  languageName: node
  linkType: hard

"astral-regex@npm:^2.0.0":
  version: 2.0.0
  resolution: "astral-regex@npm:2.0.0"
  checksum: bf049ee7048b70af5473580020f98faf09159af31a7fa5e223099966dc90e9e87760bd34030e19a6dcac05b45614b428f559bd71f027344d123555e524cb95ac
  languageName: node
  linkType: hard

"async@npm:^3.2.0":
  version: 3.2.0
  resolution: "async@npm:3.2.0"
  checksum: 5c7913c08496877a9896dc6670d3a6c64f02d350e74b9e9191194959c473414a0732539ebdfec0fd2f34c20f439714773a30c20e0e68eb27bd8ee5ec9d8ff5ba
  languageName: node
  linkType: hard

"asynckit@npm:^0.4.0":
  version: 0.4.0
  resolution: "asynckit@npm:0.4.0"
  checksum: a024000b9ddd938e2f27b3cb8188f96a5e1fff58185e98b84862fc4e01de279a547874a800340c2b106bb9de9b0fc61c6c683bc6892abf65e6be29a96addafd3
  languageName: node
  linkType: hard

"at-least-node@npm:^1.0.0":
  version: 1.0.0
  resolution: "at-least-node@npm:1.0.0"
  checksum: 8f33efc16287ed39766065c718a2d36a469f702c66c6eb41fa460c0c62bca395301a6a02946e315ae4a84c9cc7f44c94ec73a556bc2a1049350da98d0b013afe
  languageName: node
  linkType: hard

"aws-sign2@npm:~0.7.0":
  version: 0.7.0
  resolution: "aws-sign2@npm:0.7.0"
  checksum: 7162b9b8fbd4cf451bd889b0ed27fc895f88e6a6cb5c5609de49759ea1a6e31646f86ca8e18d90bea0455c4caa466fc9692c1098a1784d2372a358cb68c1eea6
  languageName: node
  linkType: hard

"aws4@npm:^1.8.0":
  version: 1.10.1
  resolution: "aws4@npm:1.10.1"
  checksum: 53f2897324997542e3cfeca0b24f5960e2470eb8527f0b6587432a4607dcb8ca817955aef4297a3b429f1ca5fa688ba1b6bc57d744add41292ffcb59466392bb
  languageName: node
  linkType: hard

"balanced-match@npm:^1.0.0":
  version: 1.0.0
  resolution: "balanced-match@npm:1.0.0"
  checksum: f515a605fe1b59f476f7477c5e1d53ad55b4f42982fca1d57b6701906f4ad1f1ac90fd6587d92cc1af2edb43eecf979214dd847ee410a6de9db4ebf0dd128d62
  languageName: node
  linkType: hard

"bcrypt-pbkdf@npm:^1.0.0":
  version: 1.0.2
  resolution: "bcrypt-pbkdf@npm:1.0.2"
  dependencies:
    tweetnacl: ^0.14.3
  checksum: 3f57eb99bbc02352f68ff31e446997f4d21cc9a5e5286449dc1fe0116ec5dac5a4aa538967d45714fa9320312d2be8d16126f2d357da1dd40a3d546b96e097ed
  languageName: node
  linkType: hard

"blob-util@npm:^2.0.2":
  version: 2.0.2
  resolution: "blob-util@npm:2.0.2"
  checksum: 83152f0d07e68a58187c40e5a8ea3a22f958fa40b377df235601992173205fc238bffd3b3d54ed548a705d45b8599bcc6565ac20073d6c82292ab7d30988e1aa
  languageName: node
  linkType: hard

"bluebird@npm:3.7.2":
  version: 3.7.2
  resolution: "bluebird@npm:3.7.2"
  checksum: 4f2288662f3d4eadbb82d4daa4a7d7976a28fa3c7eb4102c9b4033b03e5be4574ba123ac52a7c103cde4cb7b2d2afc1dbe41817ca15a29ff21ecd258d0286047
  languageName: node
  linkType: hard

"brace-expansion@npm:^1.1.7":
  version: 1.1.11
  resolution: "brace-expansion@npm:1.1.11"
  dependencies:
    balanced-match: ^1.0.0
    concat-map: 0.0.1
  checksum: 4c878e25e4858baf801945dfd63eb68feab2e502cf1122f25f3915c0e3bf397af3a93ff6bef0798db41c0d81ef28c08e55daac38058710f749a3b96eee6b8f40
  languageName: node
  linkType: hard

"buffer-crc32@npm:~0.2.3":
  version: 0.2.13
  resolution: "buffer-crc32@npm:0.2.13"
  checksum: 0340e848d6fd87e49ef6f1067f31b2a8d2e71b433e9bb62ff3d9bc2499146f0be586b5b80b0d099c7110a226161b21cb6cd80162dd5a51d9ebdb03da58b99637
  languageName: node
  linkType: hard

"cachedir@npm:^2.3.0":
  version: 2.3.0
  resolution: "cachedir@npm:2.3.0"
  checksum: 17153ca421c3ba004ab74dda259898ee06b7a8067383f6132350cd42beddae70a2420a9f0a235ec2a6f91f925fe3e52ba9e2bd92adfbf556af7c2e35f88cb786
  languageName: node
  linkType: hard

"caseless@npm:~0.12.0":
  version: 0.12.0
  resolution: "caseless@npm:0.12.0"
  checksum: 147f48bff9bebf029d7050e2335da3f8d295f26d157edf08d8c3282c804dae04a462c4cd6efa8179755686aa3aeaca5c28f3e7f3559698bc0484c65e46c36c5b
  languageName: node
  linkType: hard

"chalk@npm:^4.0.0, chalk@npm:^4.1.0":
  version: 4.1.0
  resolution: "chalk@npm:4.1.0"
  dependencies:
    ansi-styles: ^4.1.0
    supports-color: ^7.1.0
  checksum: f860285b419f9e925c2db0f45ffa88aa8794c14b80cc5d01ff30930bcfc384996606362706f0829cf557f6d36152a5fb2d227ad63c4bc90e2ec9e9dbed4a3c07
  languageName: node
  linkType: hard

"check-more-types@npm:^2.24.0":
  version: 2.24.0
  resolution: "check-more-types@npm:2.24.0"
  checksum: e7b9d1f10a499ca9e2698d3b43ed76171d4209f471307425f1429df18b6f1215981f53dee49b18915211dea274571ca788939786c600416f74305285f1b36f87
  languageName: node
  linkType: hard

"ci-info@npm:^3.2.0":
  version: 3.3.0
  resolution: "ci-info@npm:3.3.0"
  checksum: 70ddbfd2c5e85fb7e15d2734ec684e654737ddabc68a6657dec1cfacab64b5f632a0f58a04f64a8513fdc1a8daf0de0202e24f3eaa9c61458ac633f2fea40ff9
  languageName: node
  linkType: hard

"clean-stack@npm:^2.0.0":
  version: 2.2.0
  resolution: "clean-stack@npm:2.2.0"
  checksum: e291ce2b8c8c59e6449ac9a7a726090264bea6696e5343b21385e16d279c808ca09d73a1abea8fd23a9b7699e6ef5ce582df203511f71c8c27666bf3b2e300c5
  languageName: node
  linkType: hard

"cli-cursor@npm:^3.1.0":
  version: 3.1.0
  resolution: "cli-cursor@npm:3.1.0"
  dependencies:
    restore-cursor: ^3.1.0
  checksum: 15dbfc222f27da8cbc61680e4948b189e811224271f6ee5be9db0dcbabe23ae3b2c5a5663be6f17ee51f6203ab44abddd4f4cffb20d69458fc845fa86976f96a
  languageName: node
  linkType: hard

"cli-table3@npm:~0.6.0":
  version: 0.6.0
  resolution: "cli-table3@npm:0.6.0"
  dependencies:
    colors: ^1.1.2
    object-assign: ^4.1.0
    string-width: ^4.2.0
  dependenciesMeta:
    colors:
      optional: true
  checksum: 4b61f9db4fb26039ab9299089d5a8a6a269f0d79eefd1e8b9479746f26ec186365bc6bf2bceb4812446cc213426b0f86cd86b7fc130a43d270d0f76e77f251f3
  languageName: node
  linkType: hard

"cli-truncate@npm:^2.1.0":
  version: 2.1.0
  resolution: "cli-truncate@npm:2.1.0"
  dependencies:
    slice-ansi: ^3.0.0
    string-width: ^4.2.0
  checksum: 2b20f9e353cd34b015ff0067effd2810490c4e23eb9b4edfd7cdc41f00311d0d1a6148eb7e9947d4ab858295f4da5b5d8f150842a8802dc7999c51288fe26e62
  languageName: node
  linkType: hard

"color-convert@npm:^2.0.1":
  version: 2.0.1
  resolution: "color-convert@npm:2.0.1"
  dependencies:
    color-name: ~1.1.4
  checksum: 3d5d8a011a43012ca11b6d739049ecf2055d95582fd16ec44bf1e685eb0baa5cc652002be8a1dc92b429c8d87418287d0528266a7595cb1ad8a7f4f1d3049df2
  languageName: node
  linkType: hard

"color-name@npm:~1.1.4":
  version: 1.1.4
  resolution: "color-name@npm:1.1.4"
  checksum: 3e1c9a4dee12eada307436f61614dd11fe300469db2b83f80c8b7a7cd8a1015f0f18dd13403f018927b249003777ff60baba4a03c65f12e6bddc0dfd9642021f
  languageName: node
  linkType: hard

"colorette@npm:^2.0.16":
  version: 2.0.16
  resolution: "colorette@npm:2.0.16"
  checksum: 082063746a9881b9a6f49398b6938f9181046ee963d437f759fff97094758769a78db0e1eae67fd39a589958e325379579b871aafdf48b50c6b6929022aa63ce
  languageName: node
  linkType: hard

"colors@npm:^1.1.2":
  version: 1.4.0
  resolution: "colors@npm:1.4.0"
  checksum: a0f266ac041a9774d92cc9624a984707678d2eeec125d54e8d8231075ce36c24c5352fb5d0f90c6ee420d0f63e354417cec716386ad341309334aad18e32b933
  languageName: node
  linkType: hard

"combined-stream@npm:^1.0.6, combined-stream@npm:~1.0.6":
  version: 1.0.8
  resolution: "combined-stream@npm:1.0.8"
  dependencies:
    delayed-stream: ~1.0.0
  checksum: 5791ce7944530f0db74a97e77ea28b6fdbf89afcf038e41d6b4195019c4c803cd19ed2905a54959e5b3830d50bd5d6f93c681c6d3aaea8614ad43b48e62e9d65
  languageName: node
  linkType: hard

"commander@npm:^5.1.0":
  version: 5.1.0
  resolution: "commander@npm:5.1.0"
  checksum: d16141ea7f580945156fb8a06de2834c4647c7d9d3732ebd4534ab8e0b7c64747db301e18f2b840f28ea8fef51f7a8d6178e674b45a21931f0b65ff1c7f476b3
  languageName: node
  linkType: hard

"common-tags@npm:^1.8.0":
  version: 1.8.0
  resolution: "common-tags@npm:1.8.0"
  checksum: f37a868d868929cf345fe49c4122efde693f9b06bf5764df36c3bdf5d3c271a24bb3fb6fbfaeec1f29768e60ad648cc11a4092c91bac05a8bde90ddbf5aae1a8
  languageName: node
  linkType: hard

"concat-map@npm:0.0.1":
  version: 0.0.1
  resolution: "concat-map@npm:0.0.1"
  checksum: 554e28d9ee5aa6e061795473ee092cb3d3a2cbdb76c35416e0bb6e03f136d7d07676da387b2ed0ec4106cedbb6534080d9abc48ecc4a92b76406cf2d0c3c0c4b
  languageName: node
  linkType: hard

"core-util-is@npm:1.0.2":
  version: 1.0.2
  resolution: "core-util-is@npm:1.0.2"
  checksum: 089015ee3c462dfceba70faa1df83b42a7bb35db26dae6af283247b06fe3216c65fccd9f00eebcaf98300dc31e981d56aae9f90b624f8f6ff1153e235ff88b65
  languageName: node
  linkType: hard

"cross-spawn@npm:^7.0.0":
  version: 7.0.3
  resolution: "cross-spawn@npm:7.0.3"
  dependencies:
    path-key: ^3.1.0
    shebang-command: ^2.0.0
    which: ^2.0.1
  checksum: 51f10036f5f1de781be98f4738d58b50c6d44f4f471069b8ab075b21605893ba1548654880f7310a29a732d6fc7cd481da6026169b9f0831cab0148a62fb397a
  languageName: node
  linkType: hard

"cy.tests.demo@workspace:.":
  version: 0.0.0-use.local
  resolution: "cy.tests.demo@workspace:."
  dependencies:
    cypress: 9.2.0
  languageName: unknown
  linkType: soft

"cypress@npm:9.2.0":
  version: 9.2.0
  resolution: "cypress@npm:9.2.0"
  dependencies:
    "@cypress/request": ^2.88.10
    "@cypress/xvfb": ^1.2.4
    "@types/node": ^14.14.31
    "@types/sinonjs__fake-timers": ^6.0.2
    "@types/sizzle": ^2.3.2
    arch: ^2.2.0
    blob-util: ^2.0.2
    bluebird: 3.7.2
    cachedir: ^2.3.0
    chalk: ^4.1.0
    check-more-types: ^2.24.0
    cli-cursor: ^3.1.0
    cli-table3: ~0.6.0
    commander: ^5.1.0
    common-tags: ^1.8.0
    dayjs: ^1.10.4
    debug: ^4.3.2
    enquirer: ^2.3.6
    eventemitter2: ^6.4.3
    execa: 4.1.0
    executable: ^4.1.1
    extract-zip: 2.0.1
    figures: ^3.2.0
    fs-extra: ^9.1.0
    getos: ^3.2.1
    is-ci: ^3.0.0
    is-installed-globally: ~0.4.0
    lazy-ass: ^1.6.0
    listr2: ^3.8.3
    lodash: ^4.17.21
    log-symbols: ^4.0.0
    minimist: ^1.2.5
    ospath: ^1.2.2
    pretty-bytes: ^5.6.0
    proxy-from-env: 1.0.0
    request-progress: ^3.0.0
    supports-color: ^8.1.1
    tmp: ~0.2.1
    untildify: ^4.0.0
    url: ^0.11.0
    yauzl: ^2.10.0
  bin:
    cypress: bin/cypress
  checksum: c08ae2371f4be6ca62aed645db5a52591073f7f23afbc458103aa8c0f4a0c48c98ab84a555e7ac83895991dc8caf71d3e166f40ede43971d1a81e4761e55bfcf
  languageName: node
  linkType: hard

"dashdash@npm:^1.12.0":
  version: 1.14.1
  resolution: "dashdash@npm:1.14.1"
  dependencies:
    assert-plus: ^1.0.0
  checksum: 5959409ee42dc4bdbf3fa384b801ece580ca336658bb0342ffab0099b3fc6bf9b3e239e1b82dcc4fcaeee315353e08f2eae47b0928a6a579391598c44958afa1
  languageName: node
  linkType: hard

"dayjs@npm:^1.10.4":
  version: 1.10.7
  resolution: "dayjs@npm:1.10.7"
  checksum: ff9747972380775ee1fc63ec5bf4000a150da2eec9526efc0fd5961182cdb100f9af74b8437c0cb15eebc1d1ef90c363f5c8280617887f4fe5c7896c4789dd07
  languageName: node
  linkType: hard

"debug@npm:^3.1.0":
  version: 3.2.6
  resolution: "debug@npm:3.2.6"
  dependencies:
    ms: ^2.1.1
  checksum: 619feb53b115f1a8341365b8aa58a8757e6632738587d4b61b25627b74891211cb20e31fdbea37fec766e575a60cf456f7a02d6f9eddfdcef80caa6a4b0fc042
  languageName: node
  linkType: hard

"debug@npm:^4.1.1":
  version: 4.3.0
  resolution: "debug@npm:4.3.0"
  dependencies:
    ms: 2.1.2
  peerDependenciesMeta:
    supports-color:
      optional: true
  checksum: 847d2760d1493cfaef53fb67d8943c6afaba30472d7527450c19919d230dde04f2275dd8dd5c2874c7103787c190d3b5d3dbc2ee7596a12d853a2ce35c4b8b1b
  languageName: node
  linkType: hard

"debug@npm:^4.3.2":
  version: 4.3.3
  resolution: "debug@npm:4.3.3"
  dependencies:
    ms: 2.1.2
  peerDependenciesMeta:
    supports-color:
      optional: true
  checksum: 1bceffaa69207300c49f868643a4f637a20dd292fe005fb0d5a625957ee1fe7a4e65c5f4c6f65ce2b1ef30087cf4e327207d4e0554362e4c44574f85328e3b71
  languageName: node
  linkType: hard

"delayed-stream@npm:~1.0.0":
  version: 1.0.0
  resolution: "delayed-stream@npm:1.0.0"
  checksum: d9dfb0a7c79fd308fada9db2cf29d1ff22047ceb50dd78f7e3c173567909b438f418259cb76a6d9c9f513e88ef41d3a14154f618741ec8368c3efeff616d0c9f
  languageName: node
  linkType: hard

"ecc-jsbn@npm:~0.1.1":
  version: 0.1.2
  resolution: "ecc-jsbn@npm:0.1.2"
  dependencies:
    jsbn: ~0.1.0
    safer-buffer: ^2.1.0
  checksum: 5b4dd05f24b2b94c1bb882488dba2b878bb5b83182669aa71fbdf53c6941618180cb226c4eb9a3e2fa51ad11f87b5edb0a7d7289cdef468ba2e6024542f73f07
  languageName: node
  linkType: hard

"emoji-regex@npm:^8.0.0":
  version: 8.0.0
  resolution: "emoji-regex@npm:8.0.0"
  checksum: 87cf3f89efb8ba028075b3dc1713e2c5609af94cbc129b1f00c3113d01dbe4bf85c9d971e75a98bf8a8508131727682ce929e4bd70e9022af4fd47d75e9507de
  languageName: node
  linkType: hard

"end-of-stream@npm:^1.1.0":
  version: 1.4.4
  resolution: "end-of-stream@npm:1.4.4"
  dependencies:
    once: ^1.4.0
  checksum: 7da60e458bdb5e16c006a45e85ef3bc1e3791db5ba275b0913258ccddc8899acb9252c4ddbcce87bd1b46e2a3f97315aafb9f0c0330e8aac44defb504a9d3ccd
  languageName: node
  linkType: hard

"enquirer@npm:^2.3.6":
  version: 2.3.6
  resolution: "enquirer@npm:2.3.6"
  dependencies:
    ansi-colors: ^4.1.1
  checksum: e249bb97bf7d5a91d51081547ea5aa1d849604e5de74feff2c48f7174fc6c9dfcfeea42ef5536e9a3be58964a248c322d6897269ae7bba3e1b6d24f152d9d685
  languageName: node
  linkType: hard

"escape-string-regexp@npm:^1.0.5":
  version: 1.0.5
  resolution: "escape-string-regexp@npm:1.0.5"
  checksum: f9484b8b4c8827d816e0fd905c25ed4b561376a9c220e1430403ea84619bf680c76a883a48cff8b8e091daf55d6a497e37479f9787b9f15f3c421b6054289744
  languageName: node
  linkType: hard

"eventemitter2@npm:^6.4.3":
  version: 6.4.5
  resolution: "eventemitter2@npm:6.4.5"
  checksum: 251937b118744d1f5deb4d2b15d2a992fdadc882e1eea254dfff7cdb76ab093f0b223ce2f6a011d836bf8b925209638219691f4a24e243fe5ab1a8772211ac99
  languageName: node
  linkType: hard

"execa@npm:4.1.0":
  version: 4.1.0
  resolution: "execa@npm:4.1.0"
  dependencies:
    cross-spawn: ^7.0.0
    get-stream: ^5.0.0
    human-signals: ^1.1.1
    is-stream: ^2.0.0
    merge-stream: ^2.0.0
    npm-run-path: ^4.0.0
    onetime: ^5.1.0
    signal-exit: ^3.0.2
    strip-final-newline: ^2.0.0
  checksum: 79bd736acd63aa7c0afb32cc99af21cfd70db696580686c7cd56c177857b93b78bc0b9bb2b4410f377f46c71c566c8e723987e71ef0bc9b23791bfbced02f75c
  languageName: node
  linkType: hard

"executable@npm:^4.1.1":
  version: 4.1.1
  resolution: "executable@npm:4.1.1"
  dependencies:
    pify: ^2.2.0
  checksum: 74463a897951f899028dbc7304f20ffe5a3e618703ed035618003242de77d355b55fb643bb4798671d9cf54451366349345cf19f173f9f0e33b0bb1148de9c82
  languageName: node
  linkType: hard

"extend@npm:~3.0.2":
  version: 3.0.2
  resolution: "extend@npm:3.0.2"
  checksum: 1406da1f0c4b00b839497e4cdd0ec4303ce2ae349144b7c28064a5073c93ce8c08da4e8fb1bc5cb459ffcdff30a35fc0fe54344eb88320e70100c1baea6f195c
  languageName: node
  linkType: hard

"extract-zip@npm:2.0.1":
  version: 2.0.1
  resolution: "extract-zip@npm:2.0.1"
  dependencies:
    "@types/yauzl": ^2.9.1
    debug: ^4.1.1
    get-stream: ^5.1.0
    yauzl: ^2.10.0
  dependenciesMeta:
    "@types/yauzl":
      optional: true
  bin:
    extract-zip: cli.js
  checksum: 1217e48d659bf589a7ffaf6fa01fd868d619d1be46ef3dd6526cd17614a2d3a7d1bd5d5ebef81461000cd86fb32a0c9827b466650e98d55efc1fb5ee85f4716a
  languageName: node
  linkType: hard

"extsprintf@npm:1.3.0, extsprintf@npm:^1.2.0":
  version: 1.3.0
  resolution: "extsprintf@npm:1.3.0"
  checksum: 892efd56aa9b27cbfbca42ad0c59308633f66000e71d1fb19c6989ea7309b32f3ff281778871bd2ce9bc7f3ad02515aa2783cea0323d0f6ff840b7c6a6a4603e
  languageName: node
  linkType: hard

"fd-slicer@npm:~1.1.0":
  version: 1.1.0
  resolution: "fd-slicer@npm:1.1.0"
  dependencies:
    pend: ~1.2.0
  checksum: ec759b16aea613f79540b450ffc278dcb927dccf55c89a364b68547441bec776d637f0a53aee9c9c70683406e4fc4b3aff29b1732bb388f9fa6ba200e8a79caa
  languageName: node
  linkType: hard

"figures@npm:^3.2.0":
  version: 3.2.0
  resolution: "figures@npm:3.2.0"
  dependencies:
    escape-string-regexp: ^1.0.5
  checksum: 6c8acb1c17c4d27eeb6ff06801b5ae39a999c4794ec50eacf858a1e32746d92af77a9a907c3e1865e2e6ac7d9f1aa765f0f8a01a16a4676b79b6e90a7cc23f44
  languageName: node
  linkType: hard

"forever-agent@npm:~0.6.1":
  version: 0.6.1
  resolution: "forever-agent@npm:0.6.1"
  checksum: 9cc0054dd4ea5fc26e014b8c929d1fb9247e931e81165cbd965a712061d65fb84791b2124f64cd79492e516662b94068d29fe1d824732382237321b3f61955fe
  languageName: node
  linkType: hard

"form-data@npm:~2.3.2":
  version: 2.3.3
  resolution: "form-data@npm:2.3.3"
  dependencies:
    asynckit: ^0.4.0
    combined-stream: ^1.0.6
    mime-types: ^2.1.12
  checksum: 862e686b105634222db77138d5f5ae08ba85f88c04925de5be86b2b9d03cf671d86566ad10f1dd5217634c0f1634069dfc1a663a1cc13e8fbac0ce8f670ad070
  languageName: node
  linkType: hard

"fs-extra@npm:^9.1.0":
  version: 9.1.0
  resolution: "fs-extra@npm:9.1.0"
  dependencies:
    at-least-node: ^1.0.0
    graceful-fs: ^4.2.0
    jsonfile: ^6.0.1
    universalify: ^2.0.0
  checksum: e667d8df54113b527bf5830dd9db8f142618db488894b329fe07724c7020dfacf8a372b144a74e683ae44e66f56117adca9cac165950dda7d83537c46c10dc4b
  languageName: node
  linkType: hard

"fs.realpath@npm:^1.0.0":
  version: 1.0.0
  resolution: "fs.realpath@npm:1.0.0"
  checksum: 698a91b1695e3926185c9e5b0dd57cf687dceb4eb73799af91e6b2ab741735e2962c366c5af6403ffddae2619914193bd339efa706fdc984d0ffc74b7a3603f4
  languageName: node
  linkType: hard

"get-stream@npm:^5.0.0, get-stream@npm:^5.1.0":
  version: 5.2.0
  resolution: "get-stream@npm:5.2.0"
  dependencies:
    pump: ^3.0.0
  checksum: c71c5625f4573a33823371da253b4183df6bdb28cb678d03bab9b5f91626d92d6f3f5ae2404c5efdc1248fbb82204e4dae4283c7ff3cc14e505754f9f748f217
  languageName: node
  linkType: hard

"getos@npm:^3.2.1":
  version: 3.2.1
  resolution: "getos@npm:3.2.1"
  dependencies:
    async: ^3.2.0
  checksum: 7015d56dea1c74d80a83290531a523d11483ce083395a3bd6c77c40545c02bbb9db20473345176229bfbd803bc4e04084fa63b5896b58cad50dbdb736bf36696
  languageName: node
  linkType: hard

"getpass@npm:^0.1.1":
  version: 0.1.7
  resolution: "getpass@npm:0.1.7"
  dependencies:
    assert-plus: ^1.0.0
  checksum: 2650725bc6939616da8432e5351ca87d8b29421bb8dc19c21bad2c37cd337d2a50d36fcc398ce0c16a075f6079afe114131780dca7e2f4b96063e53e7d28fd7a
  languageName: node
  linkType: hard

"glob@npm:^7.1.3":
  version: 7.1.6
  resolution: "glob@npm:7.1.6"
  dependencies:
    fs.realpath: ^1.0.0
    inflight: ^1.0.4
    inherits: 2
    minimatch: ^3.0.4
    once: ^1.3.0
    path-is-absolute: ^1.0.0
  checksum: 789977b52432865bd63846da5c75a6efc2c56abdc0cb5ffcdb8e91eeb67a58fa5594c1195d18b2b4aff99675b0739ed6bd61024b26562e0cca18c8f993efdc82
  languageName: node
  linkType: hard

"global-dirs@npm:^3.0.0":
  version: 3.0.0
  resolution: "global-dirs@npm:3.0.0"
  dependencies:
    ini: 2.0.0
  checksum: 6dc9b39f0730ec7946ba992c0e9a991c8af6d1b7e691915c86edc17af27d369948dedef031fab56d094fc2fdb2ecd92d78a6179212f1fd292c337214483c55b6
  languageName: node
  linkType: hard

"graceful-fs@npm:^4.1.6, graceful-fs@npm:^4.2.0":
  version: 4.2.4
  resolution: "graceful-fs@npm:4.2.4"
  checksum: d095ee4dc6eacc76814cd52d5d185b860119378a6fd4888e7d4e94983095c54d4f6369942a5e3d759cdbdd4e3ee7eaeb27a39ff938c6ee4610894fd9de46b6cb
  languageName: node
  linkType: hard

"has-flag@npm:^4.0.0":
  version: 4.0.0
  resolution: "has-flag@npm:4.0.0"
  checksum: 2e5391139d3d287231ccb58659702392f6e3abeac3296fb4721afaff46493f3d9b99a9329ae015dfe973aa206ed5c75f43e86aec0267dce79aa5c2b6e811b3ad
  languageName: node
  linkType: hard

"http-signature@npm:~1.3.6":
  version: 1.3.6
  resolution: "http-signature@npm:1.3.6"
  dependencies:
    assert-plus: ^1.0.0
    jsprim: ^2.0.2
    sshpk: ^1.14.1
  checksum: ecfd58fe869ae1a819203174fbc0ca9a511f8ed27d70d26b574f34a844defe8ff4bf4e83888bc5e41e9a99283cc6c34da5d0e418a28a2c24a7bed5b3445aaaba
  languageName: node
  linkType: hard

"human-signals@npm:^1.1.1":
  version: 1.1.1
  resolution: "human-signals@npm:1.1.1"
  checksum: cac115f635090055427bbd9d066781b17de3a2d8bbf839d920ae2fa52c3eab4efc63b4c8abc10e9a8b979233fa932c43a83a48864003a8c684ed9fb78135dd45
  languageName: node
  linkType: hard

"indent-string@npm:^4.0.0":
  version: 4.0.0
  resolution: "indent-string@npm:4.0.0"
  checksum: 3e54996c6e15ca00a7a4403be705bce4fb3bb4ac637da2e1473006e42a651863f53bfb8c3438c1b3aac77817768ac0cde0e7b7a81a6cf24a1286227a06510dbf
  languageName: node
  linkType: hard

"inflight@npm:^1.0.4":
  version: 1.0.6
  resolution: "inflight@npm:1.0.6"
  dependencies:
    once: ^1.3.0
    wrappy: 1
  checksum: 17c53fc42cbe7f7f471d2bc41b97a0cde4b79a74d5ff59997d3f75210566fa278e17596da526d43de2bd07e222706240ce50e60097e54f2cde2e64cbbb372638
  languageName: node
  linkType: hard

"inherits@npm:2":
  version: 2.0.4
  resolution: "inherits@npm:2.0.4"
  checksum: 98426da247ddfc3dcd7d7daedd90c3ca32d5b08deca08949726f12d49232aef94772a07b36cf4ff833e105ae2ef931777f6de4a6dd8245a216b9299ad4a50bea
  languageName: node
  linkType: hard

"ini@npm:2.0.0":
  version: 2.0.0
  resolution: "ini@npm:2.0.0"
  checksum: 4ad34607409491b6ebe8e7b1e6b06ad1c147851cae5838186e27a906bf33abc1511fb539df7b96bdf8993fc0f81fd3f1e5995812fb616a965d8d4d4ad738bcf5
  languageName: node
  linkType: hard

"is-ci@npm:^3.0.0":
  version: 3.0.1
  resolution: "is-ci@npm:3.0.1"
  dependencies:
    ci-info: ^3.2.0
  bin:
    is-ci: bin.js
  checksum: 52e772e582af19a45df96b26c35dcd12757d708fabc45820775f0777aade233e1eb36ebd8a8754bd643cf80fcc876ecca7fb5a54cef0a5531c593b28c4c51081
  languageName: node
  linkType: hard

"is-fullwidth-code-point@npm:^3.0.0":
  version: 3.0.0
  resolution: "is-fullwidth-code-point@npm:3.0.0"
  checksum: a01a19ecac34386ae3a4e801c5639d6e31082d1ddc418e7cd96317fef3c8b24ec8531558e9d3d35b33551ab9c5cf20bf2cdefa583927b7ff60c27c8d7c216063
  languageName: node
  linkType: hard

"is-installed-globally@npm:~0.4.0":
  version: 0.4.0
  resolution: "is-installed-globally@npm:0.4.0"
  dependencies:
    global-dirs: ^3.0.0
    is-path-inside: ^3.0.2
  checksum: 65b7adc2ee0c3fcceee14fee9c86341756ccaaaf3cbf42552023d52c62f5d8d49a52e93ffaea2608c9cc6d7ac900cb0b4f6efbd04c9481bb802a96ea4898d0f8
  languageName: node
  linkType: hard

"is-path-inside@npm:^3.0.2":
  version: 3.0.3
  resolution: "is-path-inside@npm:3.0.3"
  checksum: b19a2937441131e68b9eb9931ec8933bc87743a8f5364f6f7e1b8fc6c1403386ecf305835fb781e3986332fada456d71ff95af77ccda5806b35aac58234f9080
  languageName: node
  linkType: hard

"is-stream@npm:^2.0.0":
  version: 2.0.0
  resolution: "is-stream@npm:2.0.0"
  checksum: f92ba04a8b8fafbade79bdaada53a044025db2fbd3fc2be978434db9a097a4afa457c2e3222c70c2ffc38854bde3a352593d6315463a54394f08ca9e51e32b50
  languageName: node
  linkType: hard

"is-typedarray@npm:~1.0.0":
  version: 1.0.0
  resolution: "is-typedarray@npm:1.0.0"
  checksum: 4e21156e7360a5916eded35c5938adf6278299a8055640864eebb251e4351cd605beccddf9af27477e19f753d453412fe0c21379bb54b55cfdf5add263076959
  languageName: node
  linkType: hard

"isexe@npm:^2.0.0":
  version: 2.0.0
  resolution: "isexe@npm:2.0.0"
  checksum: 7b437980bb77881a146fba85cfbdf01edc2b148673e9c2722a1e49661fea73adf524430a80fdbfb8ce9f60d43224e682c657c45030482bd39e0c488fc29b4afe
  languageName: node
  linkType: hard

"isstream@npm:~0.1.2":
  version: 0.1.2
  resolution: "isstream@npm:0.1.2"
  checksum: 8e6e5c4cf1823562db7035d2e7bac388412060fe9bc6727eca8c608def5aa57709165c51c2e68a2fce6ff0b64d79489501b84715060c5e8a477b87b6cbcd1eca
  languageName: node
  linkType: hard

"jsbn@npm:~0.1.0":
  version: 0.1.1
  resolution: "jsbn@npm:0.1.1"
  checksum: b530d48a64e6aff9523407856a54c5b9beee30f34a410612057f4fa097d90072fc8403c49604dacf0c3e7620dca43c2b7f0de3f954af611e43716a254c46f6f5
  languageName: node
  linkType: hard

"json-schema@npm:0.4.0":
  version: 0.4.0
  resolution: "json-schema@npm:0.4.0"
  checksum: e13c202bbd04c5bdc1b7e90596d973551777f426f77537d5d9249dce31b4b2196cf511bc18213811333d677ab47770a90ac6e42e038edd99b7af0c1dd13626a6
  languageName: node
  linkType: hard

"json-stringify-safe@npm:~5.0.1":
  version: 5.0.1
  resolution: "json-stringify-safe@npm:5.0.1"
  checksum: 261dfb8eb3e72c8b0dda11fd7c20c151ffc1d1b03e529245d51708c8dd8d8c6a225880464adf41a570dff6e5c805fd9d1f47fed948cfb526e4fbe5a67ce4e5f4
  languageName: node
  linkType: hard

"jsonfile@npm:^6.0.1":
  version: 6.0.1
  resolution: "jsonfile@npm:6.0.1"
  dependencies:
    graceful-fs: ^4.1.6
    universalify: ^1.0.0
  dependenciesMeta:
    graceful-fs:
      optional: true
  checksum: ebd6932424db468226b0b525b5b8acefd97e46f4fc5f36232c94e928b405716b47b2d7c2342025ecd7a0219f2146ae613d33878b917505698b7dc36ebe082c11
  languageName: node
  linkType: hard

"jsprim@npm:^2.0.2":
  version: 2.0.2
  resolution: "jsprim@npm:2.0.2"
  dependencies:
    assert-plus: 1.0.0
    extsprintf: 1.3.0
    json-schema: 0.4.0
    verror: 1.10.0
  checksum: 639b8a832840d1cd4504fcf3176a336a516432bd8b6b5cd56d0a6e98687dac455cf6cbed71d7529d641107f0c2fb7d6e36fbafa380c1b7240c540ed7a0f678e5
  languageName: node
  linkType: hard

"lazy-ass@npm:^1.6.0":
  version: 1.6.0
  resolution: "lazy-ass@npm:1.6.0"
  checksum: a4fa422498d35238905274eb350cbbd3768e06f61d221e3057f6cf1549362aad1275137785d52d05dbd479e030fb2812a40f2b88dd7e97800bd0140121d0c004
  languageName: node
  linkType: hard

"listr2@npm:^3.8.3":
  version: 3.14.0
  resolution: "listr2@npm:3.14.0"
  dependencies:
    cli-truncate: ^2.1.0
    colorette: ^2.0.16
    log-update: ^4.0.0
    p-map: ^4.0.0
    rfdc: ^1.3.0
    rxjs: ^7.5.1
    through: ^2.3.8
    wrap-ansi: ^7.0.0
  peerDependencies:
    enquirer: ">= 2.3.0 < 3"
  peerDependenciesMeta:
    enquirer:
      optional: true
  checksum: e637d23d070c884d385286b684aa3e2c19e29ad4387540493e89c201d9a63600ea7c6204263860758f52dfb9cae38e785d671fe9ee9bf72e97330584b608f5f9
  languageName: node
  linkType: hard

"lodash.once@npm:^4.1.1":
  version: 4.1.1
  resolution: "lodash.once@npm:4.1.1"
  checksum: 236e00ca5f20304fab5b38aa3aedb034959153dae6edf33d7f9b00406ced8f24ed232a74f1200505d9049165ceea2ce1256199e1683b0a25e9de89091d4b13c2
  languageName: node
  linkType: hard

"lodash@npm:^4.17.21":
  version: 4.17.21
  resolution: "lodash@npm:4.17.21"
  checksum: 4983720b9abca930a4a46f18db163d7dad8dd00dbed6db0cc7b499b33b717cce69f80928b27bbb1ff2cbd3b19d251ee90669a8b5ea466072ca81c2ebe91e7468
  languageName: node
  linkType: hard

"log-symbols@npm:^4.0.0":
  version: 4.0.0
  resolution: "log-symbols@npm:4.0.0"
  dependencies:
    chalk: ^4.0.0
  checksum: 2cbdb0427d1853f2bd36645bff42aaca200902284f28aadacb3c0fa4c8c43fe6bfb71b5d61ab08b67063d066d7c55b8bf5fbb43b03e4a150dbcdd643e9cd1dbf
  languageName: node
  linkType: hard

"log-update@npm:^4.0.0":
  version: 4.0.0
  resolution: "log-update@npm:4.0.0"
  dependencies:
    ansi-escapes: ^4.3.0
    cli-cursor: ^3.1.0
    slice-ansi: ^4.0.0
    wrap-ansi: ^6.2.0
  checksum: 65ee082f30570fb315a0f674cccef4d16ef5a7c9d2651a65099e665f0adbf848af5e4f9e580b6e81d5677a4df3d7ea06ff8118fe8428a570a4a387875bb8210c
  languageName: node
  linkType: hard

"merge-stream@npm:^2.0.0":
  version: 2.0.0
  resolution: "merge-stream@npm:2.0.0"
  checksum: cde834809a0e65485e474de3162af9853ab2a07977fd36d328947b7b3e6207df719ffb115b11085ecc570501e15a2aa8bacd772ac53f77873f53b0626e52a39a
  languageName: node
  linkType: hard

"mime-db@npm:1.44.0":
  version: 1.44.0
  resolution: "mime-db@npm:1.44.0"
  checksum: b4e3b2141418572fba9786f7e36324faef15e23032ad0871f56760cb304ee721ba4c8cc795d3c1cac69a2a8b94045c1d6b08c4a8d1ef6ba1226a3a5193915c57
  languageName: node
  linkType: hard

"mime-types@npm:^2.1.12, mime-types@npm:~2.1.19":
  version: 2.1.27
  resolution: "mime-types@npm:2.1.27"
  dependencies:
    mime-db: 1.44.0
  checksum: 51fe2f2c08c10ac7a2f67e2ce5de30f6500faa88d095418a1ab6e90e30960db7c682a8ecce60d3d4e293ac52c4700ca99399833db998ea9ec83d6f0503b70a94
  languageName: node
  linkType: hard

"mimic-fn@npm:^2.1.0":
  version: 2.1.0
  resolution: "mimic-fn@npm:2.1.0"
  checksum: f7d2d7febe3d7dd71da0700b1d455ec6c951a96b463ffcc303c93771b9fe4e45318152ea677c241505b19b39e41d906e5052cfb382d59a44bdb6d3d57f8b467b
  languageName: node
  linkType: hard

"minimatch@npm:^3.0.4":
  version: 3.0.4
  resolution: "minimatch@npm:3.0.4"
  dependencies:
    brace-expansion: ^1.1.7
  checksum: 47eab9263962cacd5733e274ecad2d8e54b0f8e124ba35ae69189e296058f634a4967b87a98954f86fa5c830ff177caf827ce0136d28717ed3232951fb4fae62
  languageName: node
  linkType: hard

"minimist@npm:^1.2.5":
  version: 1.2.5
  resolution: "minimist@npm:1.2.5"
  checksum: b77b8590147a4e217ff34266236bc39de23b52e6e33054076991ff674c7397a1380a7bde11111916f16f003a94aaa7e4f3d92595a32189644ff607fabc65a5b6
  languageName: node
  linkType: hard

"ms@npm:2.1.2, ms@npm:^2.1.1":
  version: 2.1.2
  resolution: "ms@npm:2.1.2"
  checksum: 9b65fb709bc30c0c07289dcbdb61ca032acbb9ea5698b55fa62e2cebb04c5953f1876a1f3f7f4bc2e91d4bf4d86003f3e207c3bc6ee2f716f99827e62389cd0e
  languageName: node
  linkType: hard

"npm-run-path@npm:^4.0.0":
  version: 4.0.1
  resolution: "npm-run-path@npm:4.0.1"
  dependencies:
    path-key: ^3.0.0
  checksum: 058fd068804f8c34fcef9393fc895d45400834c9f90bbafc57259f9fd47e8796712e4ad54524f0971b806260a118bf61ac37b0bf9f74e9e58c84bae780ae09e6
  languageName: node
  linkType: hard

"object-assign@npm:^4.1.0":
  version: 4.1.1
  resolution: "object-assign@npm:4.1.1"
  checksum: 66cf021898fc1b13ea573ea8635fbd5a76533f50cecbc2fcd5eee1e8029af41bcebe7023788b6d0e06cbe4401ecea075d972f78ec74467cdc571a0f1a4d1a081
  languageName: node
  linkType: hard

"once@npm:^1.3.0, once@npm:^1.3.1, once@npm:^1.4.0":
  version: 1.4.0
  resolution: "once@npm:1.4.0"
  dependencies:
    wrappy: 1
  checksum: 57afc246536cf6494437f982b26475f22bee860f8b77ce8eb1543f42a8bffe04b2c66ddfea9a16cb25ccb80943f8ee4fc639367ef97b7a6a4f2672eb573963f5
  languageName: node
  linkType: hard

"onetime@npm:^5.1.0":
  version: 5.1.2
  resolution: "onetime@npm:5.1.2"
  dependencies:
    mimic-fn: ^2.1.0
  checksum: e425f6caeb20cf2598ffece94be5663932e34d074f1631b682b13d5f01cc1e0712a7dc711eff1706bb5a5aaab8a52e37bd5edcf560334e3222219d7e8b09c21c
  languageName: node
  linkType: hard

"ospath@npm:^1.2.2":
  version: 1.2.2
  resolution: "ospath@npm:1.2.2"
  checksum: 510a8051a7a70bfe60b323bd4429e10b10f709e87a13cf8e0503e38aab8ba1161beefe27a8c2061f856ca0a35836697b95b9426852b5c6f8c27cc932b90dc399
  languageName: node
  linkType: hard

"p-map@npm:^4.0.0":
  version: 4.0.0
  resolution: "p-map@npm:4.0.0"
  dependencies:
    aggregate-error: ^3.0.0
  checksum: d51e630d72b7c38bc9e396710e7a068f0b813fe4db6f4a2d1ce2972e7fa11142c763c3aa39bcfd77c0133688c1ebfdd9b38fa3ac4c6ada20b62df26239c5c0e4
  languageName: node
  linkType: hard

"path-is-absolute@npm:^1.0.0":
  version: 1.0.1
  resolution: "path-is-absolute@npm:1.0.1"
  checksum: 907e1e3e6ac0aef6e65adffd75b3892191d76a5b94c5cf26b43667c4240531d11872ca6979c209b2e5e1609f7f579d02f64ba9936b48bb59d36cc529f0d965ed
  languageName: node
  linkType: hard

"path-key@npm:^3.0.0, path-key@npm:^3.1.0":
  version: 3.1.1
  resolution: "path-key@npm:3.1.1"
  checksum: e44aa3ca9faed0440994883050143b1214fffb907bf3a7bbdba15dc84f60821617c0d84e4cc74e1d84e9274003da50427f54d739b0b47636bcbaff4ec71b9b86
  languageName: node
  linkType: hard

"pend@npm:~1.2.0":
  version: 1.2.0
  resolution: "pend@npm:1.2.0"
  checksum: 35da01b2aa52458fbda2dceaeb5305c0d6c7262beca67d9f4c97bd70e4a8f4457f5fa01ffea3b3f786fb310b9b3b98515c52de3d7ae0b50dfb50b2a2d38d042b
  languageName: node
  linkType: hard

"performance-now@npm:^2.1.0":
  version: 2.1.0
  resolution: "performance-now@npm:2.1.0"
  checksum: bb4ebed0b03d6c3ad3ae4eddd1182c895d385cff9096af441c19c130aaae3ea70229438ebc3297dfc52c86022f6becf177a810050823d01bf5280779cd2de624
  languageName: node
  linkType: hard

"pify@npm:^2.2.0":
  version: 2.3.0
  resolution: "pify@npm:2.3.0"
  checksum: d5758aa570bbd5969c62b5f745065006827ef4859b32af302e3df2bb5978e6c1e50c2360d7ffefa102e451084f4530115c84570c185ba5153ee9871c977fe278
  languageName: node
  linkType: hard

"pretty-bytes@npm:^5.6.0":
  version: 5.6.0
  resolution: "pretty-bytes@npm:5.6.0"
  checksum: 2a2db3daaee5c7271dbc68cc875118f4e2b6697e9e4e73b4ea5d5639f50cff2c1f1f7db4775119974eff86fdbd1fac2a5d9f16bc41d90626821a9f6a0e6e26cf
  languageName: node
  linkType: hard

"proxy-from-env@npm:1.0.0":
  version: 1.0.0
  resolution: "proxy-from-env@npm:1.0.0"
  checksum: 35b2f98a6a6ecb0240c7ce84f5b60f234436da4984b6115971c6f782908984850d804160e0e70063ba711124950110a8a671b61875facb1b8a77d585a739213f
  languageName: node
  linkType: hard

"psl@npm:^1.1.28":
  version: 1.8.0
  resolution: "psl@npm:1.8.0"
  checksum: 92d47c6257456878bfa8190d76b84de69bcefdc129eeee3f9fe204c15fd08d35fe5b8627033f39b455e40a9375a1474b25ff4ab2c5448dd8c8f75da692d0f5b4
  languageName: node
  linkType: hard

"pump@npm:^3.0.0":
  version: 3.0.0
  resolution: "pump@npm:3.0.0"
  dependencies:
    end-of-stream: ^1.1.0
    once: ^1.3.1
  checksum: 5464d5cf6c6f083cc60cb45b074fb9a4a92ba4d3e0d89e9b2fa1906d8151fd3766784a426725ccf1af50d1c29963ac20b13829933549830e08a6704e3f95e08c
  languageName: node
  linkType: hard

"punycode@npm:1.3.2":
  version: 1.3.2
  resolution: "punycode@npm:1.3.2"
  checksum: e67fddacd83b918ca2f4a47b1fd13858108779cdc2a3f2db3233ff82a25f9305d46e1d9891f7b9ad21ed36454adfc675d4559621fcffed2cf2067abd04e121cd
  languageName: node
  linkType: hard

"punycode@npm:^2.1.1":
  version: 2.1.1
  resolution: "punycode@npm:2.1.1"
  checksum: 0202dc191cb35bfd88870ac99a1e824b03486d4cee20b543ef337a6dee8d8b11017da32a3e4c40b69b19976e982c030b62bd72bba42884acb691bc5ef91354c8
  languageName: node
  linkType: hard

"qs@npm:~6.5.2":
  version: 6.5.2
  resolution: "qs@npm:6.5.2"
  checksum: fa0410eff2c05ce3328e11f82db4015e7819c986ee056d6b62b06ae112f4929af09ea3b879ca168ff9f0338f50972bba487ad0e46c879e42bfaf63c3c2ea7f09
  languageName: node
  linkType: hard

"querystring@npm:0.2.0":
  version: 0.2.0
  resolution: "querystring@npm:0.2.0"
  checksum: 1e76c51462f0ffb148e0b2fdeb811f61377800298605229d32efcdaaaf0a8fd4314a4b4405e1fbf130a5ca421c0e51f926fab5bb9f8b9b3b8c394f4e2d33d3d1
  languageName: node
  linkType: hard

"request-progress@npm:^3.0.0":
  version: 3.0.0
  resolution: "request-progress@npm:3.0.0"
  dependencies:
    throttleit: ^1.0.0
  checksum: ea729c9e5e8bdf0f981ab9a8466c68c349ee1decf43109f09a4ac25c3b504aa35a78c17f2d89b6b013229cbb63499978dbac76795858c0b559ce3581c540f731
  languageName: node
  linkType: hard

"restore-cursor@npm:^3.1.0":
  version: 3.1.0
  resolution: "restore-cursor@npm:3.1.0"
  dependencies:
    onetime: ^5.1.0
    signal-exit: ^3.0.2
  checksum: 38e0af0830336dbc7d36b8d02e9194489dc52aaf64f41d02c427303a78552019434ad87082d67ce171a569a8be898caf7c70d5e17bd347cf6f7bd38d332d0bd4
  languageName: node
  linkType: hard

"rfdc@npm:^1.3.0":
  version: 1.3.0
  resolution: "rfdc@npm:1.3.0"
  checksum: 34dd5c5acf95c1248a81a539b899490e3b2a73373f2fa4187ce0e555581b64c4d08619f022970d6aabe9e044cfa4d4f6118939dfd640c01da68c36d89f118807
  languageName: node
  linkType: hard

"rimraf@npm:^3.0.0":
  version: 3.0.2
  resolution: "rimraf@npm:3.0.2"
  dependencies:
    glob: ^7.1.3
  bin:
    rimraf: bin.js
  checksum: f0de3e445581e64a8a077af476cc30708e659f5779ec2ca2a161556d0792aa318a685923798ae22055b4ecd02b9aff444ef619578f7af53cf8e0e248031e3dee
  languageName: node
  linkType: hard

"rxjs@npm:^7.5.1":
  version: 7.5.2
  resolution: "rxjs@npm:7.5.2"
  dependencies:
    tslib: ^2.1.0
  checksum: aee1fd261de2ddfa8603891b02d0384dc0b4ca2d0ab3a0ef3627c77076ecddfc3602b36c1413f306bc81cee8eb3e24cdda7450100da03540fe47ac073b554bb2
  languageName: node
  linkType: hard

"safe-buffer@npm:^5.0.1, safe-buffer@npm:^5.1.2":
  version: 5.2.1
  resolution: "safe-buffer@npm:5.2.1"
  checksum: 0bb57f0d8f9d1fa4fe35ad8a2db1f83a027d48f2822d59ede88fd5cd4ddad83c0b497213feb7a70fbf90597a70c5217f735b0eb1850df40ce9b4ae81dd22b3f9
  languageName: node
  linkType: hard

"safer-buffer@npm:^2.0.2, safer-buffer@npm:^2.1.0, safer-buffer@npm:~2.1.0":
  version: 2.1.2
  resolution: "safer-buffer@npm:2.1.2"
  checksum: 549ba83f5b314b59898efe3422120ce1ca7987a6eae5925a5fa5db930dc414d4a9dde0a5594f89638cd6ea60b6840ea961872908933ac2428d1726489db46fa5
  languageName: node
  linkType: hard

"shebang-command@npm:^2.0.0":
  version: 2.0.0
  resolution: "shebang-command@npm:2.0.0"
  dependencies:
    shebang-regex: ^3.0.0
  checksum: 85aa394d8cedeedf2e03524d6defef67a2b07d3a17d7ee50d4281d62d3fca898f26ebe7aa7bf674d51b80f197aa1d346bc1a10e8efb04377b534f4322c621012
  languageName: node
  linkType: hard

"shebang-regex@npm:^3.0.0":
  version: 3.0.0
  resolution: "shebang-regex@npm:3.0.0"
  checksum: ea18044ffaf18129ced5a246660a9171a7dff98999aaa9de8abb237d8a7711d8a1f76e16881399994ee429156717ce1c6a50c665bb18a4d55a7f80b9125b1f7d
  languageName: node
  linkType: hard

"signal-exit@npm:^3.0.2":
  version: 3.0.3
  resolution: "signal-exit@npm:3.0.3"
  checksum: f8f3fec95c8d1f9ad7e3cce07e1195f84e7a85cdcb4e825e8a2b76aa5406a039083d2bc9662b3cf40e6948262f41277047d20e6fbd58c77edced0b18fab647d8
  languageName: node
  linkType: hard

"slice-ansi@npm:^3.0.0":
  version: 3.0.0
  resolution: "slice-ansi@npm:3.0.0"
  dependencies:
    ansi-styles: ^4.0.0
    astral-regex: ^2.0.0
    is-fullwidth-code-point: ^3.0.0
  checksum: a31bd5c48a4997dcfc9494613cbf38157ae956b05ccdeedf905113e6ff81fd2b7d3b5c3f368e36fe941be28e0031ead4ea39355e9d647915357ce96ce70ace5b
  languageName: node
  linkType: hard

"slice-ansi@npm:^4.0.0":
  version: 4.0.0
  resolution: "slice-ansi@npm:4.0.0"
  dependencies:
    ansi-styles: ^4.0.0
    astral-regex: ^2.0.0
    is-fullwidth-code-point: ^3.0.0
  checksum: f411aa051802605c3dc8523edee42d39ef59d7c36e6bef6bf1e61d9d2a83894187f6af56911a43ec8e58b921996722d75b354a4c3050b924426ffd1b05da33f9
  languageName: node
  linkType: hard

"sshpk@npm:^1.14.1":
  version: 1.17.0
  resolution: "sshpk@npm:1.17.0"
  dependencies:
    asn1: ~0.2.3
    assert-plus: ^1.0.0
    bcrypt-pbkdf: ^1.0.0
    dashdash: ^1.12.0
    ecc-jsbn: ~0.1.1
    getpass: ^0.1.1
    jsbn: ~0.1.0
    safer-buffer: ^2.0.2
    tweetnacl: ~0.14.0
  bin:
    sshpk-conv: bin/sshpk-conv
    sshpk-sign: bin/sshpk-sign
    sshpk-verify: bin/sshpk-verify
  checksum: 5d245dadb9e193563feee007466cf5230aa51a95312bacc139d5e7631c22eaa1018d2280de90456f9b2bd356ae0768bad5be54dc9f2109848862e4ecae92bf28
  languageName: node
  linkType: hard

"string-width@npm:^4.1.0, string-width@npm:^4.2.0":
  version: 4.2.0
  resolution: "string-width@npm:4.2.0"
  dependencies:
    emoji-regex: ^8.0.0
    is-fullwidth-code-point: ^3.0.0
    strip-ansi: ^6.0.0
  checksum: cf1e8acddf3d6d6e9e168628cc58cf1b33b1e7e801af2a0c18316e4e8beb62361eb9aad6eab2fc86de972ab149cb7262aedc2a5d0c2ce28873c91b171cce84d7
  languageName: node
  linkType: hard

"strip-ansi@npm:^6.0.0":
  version: 6.0.0
  resolution: "strip-ansi@npm:6.0.0"
  dependencies:
    ansi-regex: ^5.0.0
  checksum: 10568c91cadbef182a807c38dfa718dce15a35b12fcc97b96b6b2029d0508ef66ca93fabddeb49482d9b027495d1e18591858e80f27ad26861c4967c60fd207f
  languageName: node
  linkType: hard

"strip-final-newline@npm:^2.0.0":
  version: 2.0.0
  resolution: "strip-final-newline@npm:2.0.0"
  checksum: 74dbd8a602409706748db730200efab53ba739ed7888310e74e45697efbd760981df6d6f0fa34b23e973135fb07d3b22adae6e6d58898f692a094e49692c6c33
  languageName: node
  linkType: hard

"supports-color@npm:^7.1.0":
  version: 7.2.0
  resolution: "supports-color@npm:7.2.0"
  dependencies:
    has-flag: ^4.0.0
  checksum: 8e57067c39216f3c2ffce7cc14ca934d54746192571203aa9c9922d97d2d55cc1bdaa9e41a11f91e620670b5a74ebdec6b548a885d8cc2dea7cab59e21416029
  languageName: node
  linkType: hard

"supports-color@npm:^8.1.1":
  version: 8.1.1
  resolution: "supports-color@npm:8.1.1"
  dependencies:
    has-flag: ^4.0.0
  checksum: 0219f5c91753fea8dc8046cd4b18d39458b5dc0c6421c67c1072209faae9ba93b89283252e3b05d5c18901fd9f8b95001e3247fb93e2265f66d584a676522c75
  languageName: node
  linkType: hard

"throttleit@npm:^1.0.0":
  version: 1.0.0
  resolution: "throttleit@npm:1.0.0"
  checksum: 52f0a29c8b444d49fed2454cc4d6b5bf342db63727e3f8d9b86d1c294779aa8c6655b3264d78dfa7624c2ae073bfe8a472680fbba7c35e7f1cb4a74664814ce1
  languageName: node
  linkType: hard

"through@npm:^2.3.8":
  version: 2.3.8
  resolution: "through@npm:2.3.8"
  checksum: 918d9151680b5355990011eb8c4b02e8cb8cf6e9fb6ea3d3e5a1faa688343789e261634ae35de4ea9167ab029d1e7bac6af2fe61b843931768d405fdc3e8897c
  languageName: node
  linkType: hard

"tmp@npm:~0.2.1":
  version: 0.2.1
  resolution: "tmp@npm:0.2.1"
  dependencies:
    rimraf: ^3.0.0
  checksum: 13973825ff1c7aed3359bba97c146c860ebb5b1cbdca88387a2ff8bae704d2478b701cc3adc29b1461be292fed1e4ae56b378b6a0386bbab471ef32860e0a711
  languageName: node
  linkType: hard

"tough-cookie@npm:~2.5.0":
  version: 2.5.0
  resolution: "tough-cookie@npm:2.5.0"
  dependencies:
    psl: ^1.1.28
    punycode: ^2.1.1
  checksum: bf5d6fac5ce0bebc5876cb9b9a79d3d9ea21c9e4099f3d3e64701d6ba170a052cb88cece6737ec2473bac4f0a4f6c75d46ec17985be8587c6bbdd38d91625cb4
  languageName: node
  linkType: hard

"tslib@npm:^2.1.0":
  version: 2.3.1
  resolution: "tslib@npm:2.3.1"
  checksum: 5ae2f209c5127bad284974c78916f02c72082615f65889a7ed0c7ca6d5f935c30338a0ee7310e1d9652dabc7b7507fd2905035487446d09d45fc1f19de71cf05
  languageName: node
  linkType: hard

"tunnel-agent@npm:^0.6.0":
  version: 0.6.0
  resolution: "tunnel-agent@npm:0.6.0"
  dependencies:
    safe-buffer: ^5.0.1
  checksum: 03db75a4f994fee610d3485c492e95105ed265a9fecd49d14c98e9982f973ecc0220d0c1bc264e37802e423a1274bb63788a873e4e07009408ae3ac517347fd7
  languageName: node
  linkType: hard

"tweetnacl@npm:^0.14.3, tweetnacl@npm:~0.14.0":
  version: 0.14.5
  resolution: "tweetnacl@npm:0.14.5"
  checksum: e1c9d52e2e9f582fd0df9ea26ba5a9ab88b9a38b69625d8e55c5e8870a4832ac8c32f8854b41fce7b59f97258bb103535363f9eda7050aa70e75824b972c7dde
  languageName: node
  linkType: hard

"type-fest@npm:^0.21.3":
  version: 0.21.3
  resolution: "type-fest@npm:0.21.3"
  checksum: bbe5f5c60e8da4e0b0fe290c31821b10c2fd935768802cd659784cb5e792c7a31bb25a89174d3b42dde3bf8eb9d301ede7456a274c1068280b7698438e250f49
  languageName: node
  linkType: hard

"universalify@npm:^1.0.0":
  version: 1.0.0
  resolution: "universalify@npm:1.0.0"
  checksum: d74303a8d9ff18598804f3e9f261c9376cad55b81a92346f086e59261803ae75bef347044dd6a25549eb3b1490c0dd106dc07154cd7ccad8f037fdae947c125d
  languageName: node
  linkType: hard

"universalify@npm:^2.0.0":
  version: 2.0.0
  resolution: "universalify@npm:2.0.0"
  checksum: 36bfbdc97bd4b483596e66ea65e20663f5ab9ec3650157d99b075b7f97afcdefe46bbb23f89171dd75595d398cea3769a5b6d7130f5c66cae2a0f00904780f62
  languageName: node
  linkType: hard

"untildify@npm:^4.0.0":
  version: 4.0.0
  resolution: "untildify@npm:4.0.0"
  checksum: 531c5d5994a2eeb63533784c4707bf39b8edf9e10421e5136f7cdbea7df2eca11a5132836f9ad08a113d8144624435b5b2e904affbfcf82fe733710ea8d01e6d
  languageName: node
  linkType: hard

"url@npm:^0.11.0":
  version: 0.11.0
  resolution: "url@npm:0.11.0"
  dependencies:
    punycode: 1.3.2
    querystring: 0.2.0
  checksum: 537f785b16f873fdd2b63ccb7a61463b8e41370fdba95385b0102f3ed7b953c300d95b8755ec3b65f3e406372d47d16c3c989e196b25b70f42190da1fc36c56f
  languageName: node
  linkType: hard

"uuid@npm:^8.3.2":
  version: 8.3.2
  resolution: "uuid@npm:8.3.2"
  bin:
    uuid: dist/bin/uuid
  checksum: aed2bcef341f95635f308fea8831fb9038b18c485fe7e71feb89d2e05602dfecad0cb6f2246fae096d4da425cca6e8a71056f28abd97ad98cf770a2018853248
  languageName: node
  linkType: hard

"verror@npm:1.10.0":
  version: 1.10.0
  resolution: "verror@npm:1.10.0"
  dependencies:
    assert-plus: ^1.0.0
    core-util-is: 1.0.2
    extsprintf: ^1.2.0
  checksum: 38ea80312cb42e5e8b4ac562d108d675b2354a79f8f125d363671f692657461b9181fd26f4fc9acdca433f8afee099cb78058806e1303e6b15b8fb022affba94
  languageName: node
  linkType: hard

"which@npm:^2.0.1":
  version: 2.0.2
  resolution: "which@npm:2.0.2"
  dependencies:
    isexe: ^2.0.0
  bin:
    node-which: ./bin/node-which
  checksum: ea9b1db1266b08f7880717cf70dd9012dd523e5a317f10fbe4d5e8c1a761c5fd237f88642f2ba33b23f973ff4002c9b26648d63084ab208d8ecef36497315f6e
  languageName: node
  linkType: hard

"wrap-ansi@npm:^6.2.0":
  version: 6.2.0
  resolution: "wrap-ansi@npm:6.2.0"
  dependencies:
    ansi-styles: ^4.0.0
    string-width: ^4.1.0
    strip-ansi: ^6.0.0
  checksum: ee4ed8b2994cfbdcd571f4eadde9d8ba00b8a74113483fe5d0c5f9e84054e43df8e9092d7da35c5b051faeca8fe32bd6cea8bf5ae8ad4896d6ea676a347e90af
  languageName: node
  linkType: hard

"wrap-ansi@npm:^7.0.0":
  version: 7.0.0
  resolution: "wrap-ansi@npm:7.0.0"
  dependencies:
    ansi-styles: ^4.0.0
    string-width: ^4.1.0
    strip-ansi: ^6.0.0
  checksum: 09939dd775ae565bb99a25a6c072fe3775a95fa71751b5533c94265fe986ba3e3ab071a027ab76cf26876bd9afd10ac3c2d06d7c4bcce148bf7d2d9514e3a0df
  languageName: node
  linkType: hard

"wrappy@npm:1":
  version: 1.0.2
  resolution: "wrappy@npm:1.0.2"
  checksum: 519fcda0fcdf0c16327be2de9d98646742307bc830277e8868529fcf7566f2b330a6453c233e0cdcb767d5838dd61a90984a02ecc983bcddebea5ad0833bbf98
  languageName: node
  linkType: hard

"yauzl@npm:^2.10.0":
  version: 2.10.0
  resolution: "yauzl@npm:2.10.0"
  dependencies:
    buffer-crc32: ~0.2.3
    fd-slicer: ~1.1.0
  checksum: 6d0c4e72706ec2df6ea842d09c792e7b34badc5db3d8a893e0c70d0e464c9bf82bac4b1690f3515b5e1d96b72fceb6cc4dd96465426077ba6dddc54e7dd4d517
  languageName: node
  linkType: hard
